
Microsoft Visual Studio Solution File, Format Version 12.00
# Visual Studio Version 17
VisualStudioVersion = 17.7.34202.233
MinimumVisualStudioVersion = 10.0.40219.1
Project("{FAE04EC0-301F-11D3-BF4B-00C04F79EFBC}") = "Overseas", "Overseas\Overseas.csproj", "{90327F5F-8FD0-4E42-A5F7-AC443A45D310}"
EndProject
Global
	GlobalSection(SolutionConfigurationPlatforms) = preSolution
		Debug|Any CPU = Debug|Any CPU
		Release|Any CPU = Release|Any CPU
	EndGlobalSection
	GlobalSection(ProjectConfigurationPlatforms) = postSolution
		{90327F5F-8FD0-4E42-A5F7-AC443A45D310}.Debug|Any CPU.ActiveCfg = Debug|Any CPU
		{90327F5F-8FD0-4E42-A5F7-AC443A45D310}.Debug|Any CPU.Build.0 = Debug|Any CPU
		{90327F5F-8FD0-4E42-A5F7-AC443A45D310}.Release|Any CPU.ActiveCfg = Release|Any CPU
		{90327F5F-8FD0-4E42-A5F7-AC443A45D310}.Release|Any CPU.Build.0 = Release|Any CPU
	EndGlobalSection
	GlobalSection(SolutionProperties) = preSolution
		HideSolutionNode = FALSE
	EndGlobalSection
	GlobalSection(ExtensibilityGlobals) = postSolution
		SolutionGuid = {2263A992-6482-4436-94D1-33FB140FF2EF}
	EndGlobalSection
EndGlobal
